
Microsoft Visual Studio Solution File, Format Version 12.00
Project("{FAE04EC0-301F-11D3-BF4B-00C04F79EFBC}") = "MathGame.TerrenceLGee", "MathGame.TerrenceLGee\MathGame.TerrenceLGee.csproj", "{806E5365-9A40-436B-9735-799C1F5BBD26}"
EndProject
Global
	GlobalSection(SolutionConfigurationPlatforms) = preSolution
		Debug|Any CPU = Debug|Any CPU
		Release|Any CPU = Release|Any CPU
	EndGlobalSection
	GlobalSection(ProjectConfigurationPlatforms) = postSolution
		{806E5365-9A40-436B-9735-799C1F5BBD26}.Debug|Any CPU.ActiveCfg = Debug|Any CPU
		{806E5365-9A40-436B-9735-799C1F5BBD26}.Debug|Any CPU.Build.0 = Debug|Any CPU
		{806E5365-9A40-436B-9735-799C1F5BBD26}.Release|Any CPU.ActiveCfg = Release|Any CPU
		{806E5365-9A40-436B-9735-799C1F5BBD26}.Release|Any CPU.Build.0 = Release|Any CPU
	EndGlobalSection
EndGlobal
